
Microsoft Visual Studio Solution File, Format Version 12.00
# Visual Studio Version 17
VisualStudioVersion = 17.1.32328.378
MinimumVisualStudioVersion = 10.0.40219.1
Project("{FAE04EC0-301F-11D3-BF4B-00C04F79EFBC}") = "MonkeyAnimation", "MonkeyAnimation\MonkeyAnimation.csproj", "{9E5243A5-1E1B-438B-9D75-7AA1E9784950}"
EndProject
Global
	GlobalSection(SolutionConfigurationPlatforms) = preSolution
		Debug|Any CPU = Debug|Any CPU
		Release|Any CPU = Release|Any CPU
	EndGlobalSection
	GlobalSection(ProjectConfigurationPlatforms) = postSolution
		{9E5243A5-1E1B-438B-9D75-7AA1E9784950}.Debug|Any CPU.ActiveCfg = Debug|Any CPU
		{9E5243A5-1E1B-438B-9D75-7AA1E9784950}.Debug|Any CPU.Build.0 = Debug|Any CPU
		{9E5243A5-1E1B-438B-9D75-7AA1E9784950}.Release|Any CPU.ActiveCfg = Release|Any CPU
		{9E5243A5-1E1B-438B-9D75-7AA1E9784950}.Release|Any CPU.Build.0 = Release|Any CPU
	EndGlobalSection
	GlobalSection(SolutionProperties) = preSolution
		HideSolutionNode = FALSE
	EndGlobalSection
	GlobalSection(ExtensibilityGlobals) = postSolution
		SolutionGuid = {57290334-171F-44AC-98C6-3CCEDB97CE11}
	EndGlobalSection
EndGlobal
